// !$*UTF8*$!
{
	archiveVersion = 1;
	classes = {
	};
	objectVersion = 56;
	objects = {

/* Begin PBXBuildFile section */
		079ED467338D47E28128315D /* PrivacyAndConsentView.swift in Sources */ = {isa = PBXBuildFile; fileRef = 4E78DF51EEB64C90B64B4883 /* PrivacyAndConsentView.swift */; };
		145969A6C5044AF796B23A02 /* EdgeInsets.swift in Sources */ = {isa = PBXBuildFile; fileRef = 5EAF906270DA46A7AACE7A2A /* EdgeInsets.swift */; };
		1C88A56792144864B345AC31 /* Titles.swift in Sources */ = {isa = PBXBuildFile; fileRef = 3E11C03F6BEC4A6088B58BAA /* Titles.swift */; };
		35962111BA9E4CCE84F6BFF3 /* AdTypesView.swift in Sources */ = {isa = PBXBuildFile; fileRef = BD3DAFF3C69A4031BF66F796 /* AdTypesView.swift */; };
		3C500B792E5E402F85309D26 /* Theme.swift in Sources */ = {isa = PBXBuildFile; fileRef = ACEE779CE3F947A5A671D781 /* Theme.swift */; };
		42C0882F75574BE3B5469107 /* AppOpenCard.swift in Sources */ = {isa = PBXBuildFile; fileRef = 4215347C0E5E4AA0A2AF433C /* AppOpenCard.swift */; };
		465789EF3FEA4BA390A1A3E8 /* PrimaryButton.swift in Sources */ = {isa = PBXBuildFile; fileRef = 899DF33D8BA743CCA096D403 /* PrimaryButton.swift */; };
		4809FCD4C8764CEC814A7069 /* Card.swift in Sources */ = {isa = PBXBuildFile; fileRef = 8A23A5842FF345FFB9F6535D /* Card.swift */; };
		5217FE000EB148E49B307CD2 /* NativeCard.swift in Sources */ = {isa = PBXBuildFile; fileRef = CAFE5E96F73B46CF9D03CD50 /* NativeCard.swift */; };
		6AD6BDADF64E430D880E3D7C /* SegmentedControl.swift in Sources */ = {isa = PBXBuildFile; fileRef = CDCA9A1F07CA4204A2529D72 /* SegmentedControl.swift */; };
		867D489409E1453FB49FB786 /* LinkableCard.swift in Sources */ = {isa = PBXBuildFile; fileRef = 01CC4B5849194A9A8DE1D2D9 /* LinkableCard.swift */; };
		8E5DEAC01B6849128DCC9931 /* SecondaryButton.swift in Sources */ = {isa = PBXBuildFile; fileRef = F1917DFA190240ECA9AC1C74 /* SecondaryButton.swift */; };
		8FDE9FA9298A41EBB56BB56D /* EventTrackerView.swift in Sources */ = {isa = PBXBuildFile; fileRef = F71349BC2AF542B7B325011B /* EventTrackerView.swift */; };
		A49E199689A4448EBA02FBA9 /* RewardedCard.swift in Sources */ = {isa = PBXBuildFile; fileRef = 57CC9A64C50D4550BB3AD1DC /* RewardedCard.swift */; };
		AD4F7D4FFB204B2CAC5CE51C /* AdsStore.swift in Sources */ = {isa = PBXBuildFile; fileRef = F5516724CED04CF6B0110B7E /* AdsStore.swift */; };
		C7A2C557E8802FE3BE536F2A /* Pods_demo_app.framework in Frameworks */ = {isa = PBXBuildFile; fileRef = 5529E296057B3CA18471523A /* Pods_demo_app.framework */; };
		E85DB6DB302B4F3A005AFE17 /* SettingsView.swift in Sources */ = {isa = PBXBuildFile; fileRef = E85DB6DA302B4F3A005AFE17 /* SettingsView.swift */; };
		E85DB6DD302B4F9C005AFE17 /* TertiaryButton.swift in Sources */ = {isa = PBXBuildFile; fileRef = E85DB6DC302B4F9C005AFE17 /* TertiaryButton.swift */; };
		E85DB6DF302B7E1E005AFE17 /* BannerCard.swift in Sources */ = {isa = PBXBuildFile; fileRef = E85DB6DE302B7E1E005AFE17 /* BannerCard.swift */; };
		E85DB6E2302B8BB9005AFE17 /* NotSetUpAdTypeCard.swift in Sources */ = {isa = PBXBuildFile; fileRef = E85DB6E1302B8BB9005AFE17 /* NotSetUpAdTypeCard.swift */; };
		E85DB6E4302B9B0D005AFE17 /* NavBarStyle.swift in Sources */ = {isa = PBXBuildFile; fileRef = E85DB6E3302B9B0D005AFE17 /* NavBarStyle.swift */; };
		E9F4777379934E998BB93FB4 /* ConditionalModifiers.swift in Sources */ = {isa = PBXBuildFile; fileRef = 96B38F93E339435D99F0C650 /* ConditionalModifiers.swift */; };
		F43AE7D4E52A482BAB8821C9 /* UserPropertiesView.swift in Sources */ = {isa = PBXBuildFile; fileRef = CF51E9D31B7C47BFB5228DE5 /* UserPropertiesView.swift */; };
		F471988001744A058183C162 /* Colors.swift in Sources */ = {isa = PBXBuildFile; fileRef = 1A2FB3847D7D4238926EFBB2 /* Colors.swift */; };
		F527C27F824C43648C3C990C /* SimpleCard.swift in Sources */ = {isa = PBXBuildFile; fileRef = 5C9624054F994FAC98A08528 /* SimpleCard.swift */; };
		FB59A5FC81DB4D5581EE1D15 /* InterstitialCard.swift in Sources */ = {isa = PBXBuildFile; fileRef = 4073B762607D4A2983A4F20D /* InterstitialCard.swift */; };
		FE86C9CF2E97E39A008A3E86 /* XMediatorHelper.swift in Sources */ = {isa = PBXBuildFile; fileRef = FE86C9CE2E97E38F008A3E86 /* XMediatorHelper.swift */; };
		FE9575282E410FEA003940D9 /* AppOpenAdsDelegateDemo.swift in Sources */ = {isa = PBXBuildFile; fileRef = FE9575272E410FDA003940D9 /* AppOpenAdsDelegateDemo.swift */; };
		FF679CA62D5263960036D2F0 /* Launch Screen.storyboard in Resources */ = {isa = PBXBuildFile; fileRef = FF679CA52D5263960036D2F0 /* Launch Screen.storyboard */; };
		FF68C1C62D50F1020060F9E5 /* Settings.swift in Sources */ = {isa = PBXBuildFile; fileRef = FF68C1C52D50F1020060F9E5 /* Settings.swift */; };
		FF7326D72F20112400F0087A /* X3MStandardNativeAdView.xib in Resources */ = {isa = PBXBuildFile; fileRef = FF7326D62F20112300F0087A /* X3MStandardNativeAdView.xib */; };
		FF7326DC2F2102A200F0087A /* NativeAdsDelegateDemo.swift in Sources */ = {isa = PBXBuildFile; fileRef = FF7326DB2F2102A200F0087A /* NativeAdsDelegateDemo.swift */; };
		FF7326DE2F21054B00F0087A /* NativeView.swift in Sources */ = {isa = PBXBuildFile; fileRef = FF7326DD2F21054B00F0087A /* NativeView.swift */; };
		FF7326E22F2153AF00F0087A /* X3MCompactNativeAdView.xib in Resources */ = {isa = PBXBuildFile; fileRef = FF7326E12F2153AF00F0087A /* X3MCompactNativeAdView.xib */; };
		FF7675192D4804680076B50E /* DemoApp.swift in Sources */ = {isa = PBXBuildFile; fileRef = FF7675182D4804680076B50E /* DemoApp.swift */; };
		FF76751B2D4804680076B50E /* ContentView.swift in Sources */ = {isa = PBXBuildFile; fileRef = FF76751A2D4804680076B50E /* ContentView.swift */; };
		FF76751D2D48046A0076B50E /* Assets.xcassets in Resources */ = {isa = PBXBuildFile; fileRef = FF76751C2D48046A0076B50E /* Assets.xcassets */; };
		FF7675202D48046A0076B50E /* Preview Assets.xcassets in Resources */ = {isa = PBXBuildFile; fileRef = FF76751F2D48046A0076B50E /* Preview Assets.xcassets */; };
		FF7675272D4819490076B50E /* ContentViewModel.swift in Sources */ = {isa = PBXBuildFile; fileRef = FF7675262D4819490076B50E /* ContentViewModel.swift */; };
		FF76752E2D4966B00076B50E /* BannerView.swift in Sources */ = {isa = PBXBuildFile; fileRef = FF76752D2D4966B00076B50E /* BannerView.swift */; };
		FF7675302D4972760076B50E /* Utils.swift in Sources */ = {isa = PBXBuildFile; fileRef = FF76752F2D4972760076B50E /* Utils.swift */; };
		FFA93FBB2D4D3004009507DD /* BannerAdsDelegateDemo.swift in Sources */ = {isa = PBXBuildFile; fileRef = FFA93FBA2D4D3004009507DD /* BannerAdsDelegateDemo.swift */; };
		FFA93FBD2D4D3039009507DD /* InterstitialAdsDelegateDemo.swift in Sources */ = {isa = PBXBuildFile; fileRef = FFA93FBC2D4D3039009507DD /* InterstitialAdsDelegateDemo.swift */; };
		FFA93FBF2D4D3053009507DD /* RewardedAdsDelegateDemo.swift in Sources */ = {isa = PBXBuildFile; fileRef = FFA93FBE2D4D3053009507DD /* RewardedAdsDelegateDemo.swift */; };
/* End PBXBuildFile section */

/* Begin PBXFileReference section */
		01CC4B5849194A9A8DE1D2D9 /* LinkableCard.swift */ = {isa = PBXFileReference; lastKnownFileType = sourcecode.swift; path = LinkableCard.swift; sourceTree = "<group>"; };
		182926B9E98D5D9237D9FC2D /* Pods-demo-app.debug.xcconfig */ = {isa = PBXFileReference; includeInIndex = 1; lastKnownFileType = text.xcconfig; name = "Pods-demo-app.debug.xcconfig"; path = "Target Support Files/Pods-demo-app/Pods-demo-app.debug.xcconfig"; sourceTree = "<group>"; };
		1A2FB3847D7D4238926EFBB2 /* Colors.swift */ = {isa = PBXFileReference; lastKnownFileType = sourcecode.swift; path = Colors.swift; sourceTree = "<group>"; };
		3E11C03F6BEC4A6088B58BAA /* Titles.swift */ = {isa = PBXFileReference; lastKnownFileType = sourcecode.swift; path = Titles.swift; sourceTree = "<group>"; };
		4073B762607D4A2983A4F20D /* InterstitialCard.swift */ = {isa = PBXFileReference; lastKnownFileType = sourcecode.swift; path = InterstitialCard.swift; sourceTree = "<group>"; };
		4215347C0E5E4AA0A2AF433C /* AppOpenCard.swift */ = {isa = PBXFileReference; lastKnownFileType = sourcecode.swift; path = AppOpenCard.swift; sourceTree = "<group>"; };
		4E78DF51EEB64C90B64B4883 /* PrivacyAndConsentView.swift */ = {isa = PBXFileReference; lastKnownFileType = sourcecode.swift; path = PrivacyAndConsentView.swift; sourceTree = "<group>"; };
		5529E296057B3CA18471523A /* Pods_demo_app.framework */ = {isa = PBXFileReference; explicitFileType = wrapper.framework; includeInIndex = 0; path = Pods_demo_app.framework; sourceTree = BUILT_PRODUCTS_DIR; };
		57CC9A64C50D4550BB3AD1DC /* RewardedCard.swift */ = {isa = PBXFileReference; lastKnownFileType = sourcecode.swift; path = RewardedCard.swift; sourceTree = "<group>"; };
		5C9624054F994FAC98A08528 /* SimpleCard.swift */ = {isa = PBXFileReference; lastKnownFileType = sourcecode.swift; path = SimpleCard.swift; sourceTree = "<group>"; };
		5EAF906270DA46A7AACE7A2A /* EdgeInsets.swift */ = {isa = PBXFileReference; lastKnownFileType = sourcecode.swift; path = EdgeInsets.swift; sourceTree = "<group>"; };
		899DF33D8BA743CCA096D403 /* PrimaryButton.swift */ = {isa = PBXFileReference; lastKnownFileType = sourcecode.swift; path = PrimaryButton.swift; sourceTree = "<group>"; };
		8A23A5842FF345FFB9F6535D /* Card.swift */ = {isa = PBXFileReference; lastKnownFileType = sourcecode.swift; path = Card.swift; sourceTree = "<group>"; };
		96B38F93E339435D99F0C650 /* ConditionalModifiers.swift */ = {isa = PBXFileReference; lastKnownFileType = sourcecode.swift; path = ConditionalModifiers.swift; sourceTree = "<group>"; };
		ACEE779CE3F947A5A671D781 /* Theme.swift */ = {isa = PBXFileReference; lastKnownFileType = sourcecode.swift; path = Theme.swift; sourceTree = "<group>"; };
		BD3DAFF3C69A4031BF66F796 /* AdTypesView.swift */ = {isa = PBXFileReference; lastKnownFileType = sourcecode.swift; path = AdTypesView.swift; sourceTree = "<group>"; };
		CAFE5E96F73B46CF9D03CD50 /* NativeCard.swift */ = {isa = PBXFileReference; lastKnownFileType = sourcecode.swift; path = NativeCard.swift; sourceTree = "<group>"; };
		CDCA9A1F07CA4204A2529D72 /* SegmentedControl.swift */ = {isa = PBXFileReference; lastKnownFileType = sourcecode.swift; path = SegmentedControl.swift; sourceTree = "<group>"; };
		CF51E9D31B7C47BFB5228DE5 /* UserPropertiesView.swift */ = {isa = PBXFileReference; lastKnownFileType = sourcecode.swift; path = UserPropertiesView.swift; sourceTree = "<group>"; };
		E85DB6DA302B4F3A005AFE17 /* SettingsView.swift */ = {isa = PBXFileReference; lastKnownFileType = sourcecode.swift; path = SettingsView.swift; sourceTree = "<group>"; };
		E85DB6DC302B4F9C005AFE17 /* TertiaryButton.swift */ = {isa = PBXFileReference; lastKnownFileType = sourcecode.swift; path = TertiaryButton.swift; sourceTree = "<group>"; };
		E85DB6DE302B7E1E005AFE17 /* BannerCard.swift */ = {isa = PBXFileReference; lastKnownFileType = sourcecode.swift; path = BannerCard.swift; sourceTree = "<group>"; };
		E85DB6E1302B8BB9005AFE17 /* NotSetUpAdTypeCard.swift */ = {isa = PBXFileReference; lastKnownFileType = sourcecode.swift; path = NotSetUpAdTypeCard.swift; sourceTree = "<group>"; };
		E85DB6E3302B9B0D005AFE17 /* NavBarStyle.swift */ = {isa = PBXFileReference; lastKnownFileType = sourcecode.swift; path = NavBarStyle.swift; sourceTree = "<group>"; };
		F1917DFA190240ECA9AC1C74 /* SecondaryButton.swift */ = {isa = PBXFileReference; lastKnownFileType = sourcecode.swift; path = SecondaryButton.swift; sourceTree = "<group>"; };
		F5516724CED04CF6B0110B7E /* AdsStore.swift */ = {isa = PBXFileReference; lastKnownFileType = sourcecode.swift; path = AdsStore.swift; sourceTree = "<group>"; };
		F71349BC2AF542B7B325011B /* EventTrackerView.swift */ = {isa = PBXFileReference; lastKnownFileType = sourcecode.swift; path = EventTrackerView.swift; sourceTree = "<group>"; };
		F88C5237B06E7AE0B983E05F /* Pods-demo-app.release.xcconfig */ = {isa = PBXFileReference; includeInIndex = 1; lastKnownFileType = text.xcconfig; name = "Pods-demo-app.release.xcconfig"; path = "Target Support Files/Pods-demo-app/Pods-demo-app.release.xcconfig"; sourceTree = "<group>"; };
		FE86C9CE2E97E38F008A3E86 /* XMediatorHelper.swift */ = {isa = PBXFileReference; lastKnownFileType = sourcecode.swift; path = XMediatorHelper.swift; sourceTree = "<group>"; };
		FE9575272E410FDA003940D9 /* AppOpenAdsDelegateDemo.swift */ = {isa = PBXFileReference; lastKnownFileType = sourcecode.swift; path = AppOpenAdsDelegateDemo.swift; sourceTree = "<group>"; };
		FF679CA52D5263960036D2F0 /* Launch Screen.storyboard */ = {isa = PBXFileReference; lastKnownFileType = file.storyboard; path = "Launch Screen.storyboard"; sourceTree = "<group>"; };
		FF68C1C52D50F1020060F9E5 /* Settings.swift */ = {isa = PBXFileReference; lastKnownFileType = sourcecode.swift; path = Settings.swift; sourceTree = "<group>"; };
		FF7326D62F20112300F0087A /* X3MStandardNativeAdView.xib */ = {isa = PBXFileReference; lastKnownFileType = file.xib; path = X3MStandardNativeAdView.xib; sourceTree = "<group>"; };
		FF7326DB2F2102A200F0087A /* NativeAdsDelegateDemo.swift */ = {isa = PBXFileReference; lastKnownFileType = sourcecode.swift; path = NativeAdsDelegateDemo.swift; sourceTree = "<group>"; };
		FF7326DD2F21054B00F0087A /* NativeView.swift */ = {isa = PBXFileReference; lastKnownFileType = sourcecode.swift; path = NativeView.swift; sourceTree = "<group>"; };
		FF7326E12F2153AF00F0087A /* X3MCompactNativeAdView.xib */ = {isa = PBXFileReference; lastKnownFileType = file.xib; path = X3MCompactNativeAdView.xib; sourceTree = "<group>"; };
		FF7675152D4804680076B50E /* demo-app.app */ = {isa = PBXFileReference; explicitFileType = wrapper.application; includeInIndex = 0; path = "demo-app.app"; sourceTree = BUILT_PRODUCTS_DIR; };
		FF7675182D4804680076B50E /* DemoApp.swift */ = {isa = PBXFileReference; lastKnownFileType = sourcecode.swift; path = DemoApp.swift; sourceTree = "<group>"; };
		FF76751A2D4804680076B50E /* ContentView.swift */ = {isa = PBXFileReference; lastKnownFileType = sourcecode.swift; path = ContentView.swift; sourceTree = "<group>"; };
		FF76751C2D48046A0076B50E /* Assets.xcassets */ = {isa = PBXFileReference; lastKnownFileType = folder.assetcatalog; path = Assets.xcassets; sourceTree = "<group>"; };
		FF76751F2D48046A0076B50E /* Preview Assets.xcassets */ = {isa = PBXFileReference; lastKnownFileType = folder.assetcatalog; path = "Preview Assets.xcassets"; sourceTree = "<group>"; };
		FF7675262D4819490076B50E /* ContentViewModel.swift */ = {isa = PBXFileReference; lastKnownFileType = sourcecode.swift; path = ContentViewModel.swift; sourceTree = "<group>"; };
		FF76752C2D49062D0076B50E /* Info.plist */ = {isa = PBXFileReference; lastKnownFileType = text.plist; path = Info.plist; sourceTree = "<group>"; };
		FF76752D2D4966B00076B50E /* BannerView.swift */ = {isa = PBXFileReference; lastKnownFileType = sourcecode.swift; path = BannerView.swift; sourceTree = "<group>"; };
		FF76752F2D4972760076B50E /* Utils.swift */ = {isa = PBXFileReference; lastKnownFileType = sourcecode.swift; path = Utils.swift; sourceTree = "<group>"; };
		FFA93FBA2D4D3004009507DD /* BannerAdsDelegateDemo.swift */ = {isa = PBXFileReference; lastKnownFileType = sourcecode.swift; path = BannerAdsDelegateDemo.swift; sourceTree = "<group>"; };
		FFA93FBC2D4D3039009507DD /* InterstitialAdsDelegateDemo.swift */ = {isa = PBXFileReference; lastKnownFileType = sourcecode.swift; path = InterstitialAdsDelegateDemo.swift; sourceTree = "<group>"; };
		FFA93FBE2D4D3053009507DD /* RewardedAdsDelegateDemo.swift */ = {isa = PBXFileReference; lastKnownFileType = sourcecode.swift; path = RewardedAdsDelegateDemo.swift; sourceTree = "<group>"; };
/* End PBXFileReference section */

/* Begin PBXFrameworksBuildPhase section */
		FF7675122D4804680076B50E /* Frameworks */ = {
			isa = PBXFrameworksBuildPhase;
			buildActionMask = 2147483647;
			files = (
				C7A2C557E8802FE3BE536F2A /* Pods_demo_app.framework in Frameworks */,
			);
			runOnlyForDeploymentPostprocessing = 0;
		};
/* End PBXFrameworksBuildPhase section */

/* Begin PBXGroup section */
		4B0C17C315FF34A2C3DFF126 /* Frameworks */ = {
			isa = PBXGroup;
			children = (
				5529E296057B3CA18471523A /* Pods_demo_app.framework */,
			);
			name = Frameworks;
			sourceTree = "<group>";
		};
		CA13BD7985DD4E3E893EA062 /* Utils */ = {
			isa = PBXGroup;
			children = (
				96B38F93E339435D99F0C650 /* ConditionalModifiers.swift */,
				5EAF906270DA46A7AACE7A2A /* EdgeInsets.swift */,
			);
			path = Utils;
			sourceTree = "<group>";
		};
		E136FE69D3644031BF7852E7 /* Styleguide */ = {
			isa = PBXGroup;
			children = (
				1A2FB3847D7D4238926EFBB2 /* Colors.swift */,
				ACEE779CE3F947A5A671D781 /* Theme.swift */,
				E85DB6E3302B9B0D005AFE17 /* NavBarStyle.swift */,
				3E11C03F6BEC4A6088B58BAA /* Titles.swift */,
				8A23A5842FF345FFB9F6535D /* Card.swift */,
				5C9624054F994FAC98A08528 /* SimpleCard.swift */,
				01CC4B5849194A9A8DE1D2D9 /* LinkableCard.swift */,
				CDCA9A1F07CA4204A2529D72 /* SegmentedControl.swift */,
				899DF33D8BA743CCA096D403 /* PrimaryButton.swift */,
				F1917DFA190240ECA9AC1C74 /* SecondaryButton.swift */,
				E85DB6DC302B4F9C005AFE17 /* TertiaryButton.swift */,
			);
			path = Styleguide;
			sourceTree = "<group>";
		};
		E85DB6D9302B4F04005AFE17 /* Views */ = {
			isa = PBXGroup;
			children = (
				E85DB6E0302B8B98005AFE17 /* AdTypes */,
				E85DB6DA302B4F3A005AFE17 /* SettingsView.swift */,
				BD3DAFF3C69A4031BF66F796 /* AdTypesView.swift */,
				4E78DF51EEB64C90B64B4883 /* PrivacyAndConsentView.swift */,
				CF51E9D31B7C47BFB5228DE5 /* UserPropertiesView.swift */,
				F71349BC2AF542B7B325011B /* EventTrackerView.swift */,
			);
			path = Views;
			sourceTree = "<group>";
		};
		E85DB6E0302B8B98005AFE17 /* AdTypes */ = {
			isa = PBXGroup;
			children = (
				E85DB6E1302B8BB9005AFE17 /* NotSetUpAdTypeCard.swift */,
				E85DB6DE302B7E1E005AFE17 /* BannerCard.swift */,
				CAFE5E96F73B46CF9D03CD50 /* NativeCard.swift */,
				4215347C0E5E4AA0A2AF433C /* AppOpenCard.swift */,
				4073B762607D4A2983A4F20D /* InterstitialCard.swift */,
				57CC9A64C50D4550BB3AD1DC /* RewardedCard.swift */,
			);
			path = AdTypes;
			sourceTree = "<group>";
		};
		F630A1212B21809F6128812F /* Pods */ = {
			isa = PBXGroup;
			children = (
				182926B9E98D5D9237D9FC2D /* Pods-demo-app.debug.xcconfig */,
				F88C5237B06E7AE0B983E05F /* Pods-demo-app.release.xcconfig */,
			);
			path = Pods;
			sourceTree = "<group>";
		};
		FF7326D82F20112C00F0087A /* Resources */ = {
			isa = PBXGroup;
			children = (
				FF7326D62F20112300F0087A /* X3MStandardNativeAdView.xib */,
				FF7326E12F2153AF00F0087A /* X3MCompactNativeAdView.xib */,
			);
			path = Resources;
			sourceTree = "<group>";
		};
		FF76750C2D4804670076B50E = {
			isa = PBXGroup;
			children = (
				FF7675172D4804680076B50E /* demo-app */,
				FF7675162D4804680076B50E /* Products */,
				F630A1212B21809F6128812F /* Pods */,
				4B0C17C315FF34A2C3DFF126 /* Frameworks */,
			);
			sourceTree = "<group>";
		};
		FF7675162D4804680076B50E /* Products */ = {
			isa = PBXGroup;
			children = (
				FF7675152D4804680076B50E /* demo-app.app */,
			);
			name = Products;
			sourceTree = "<group>";
		};
		FF7675172D4804680076B50E /* demo-app */ = {
			isa = PBXGroup;
			children = (
				FE86C9CE2E97E38F008A3E86 /* XMediatorHelper.swift */,
				FF76752C2D49062D0076B50E /* Info.plist */,
				FF7675182D4804680076B50E /* DemoApp.swift */,
				FF68C1C52D50F1020060F9E5 /* Settings.swift */,
				F5516724CED04CF6B0110B7E /* AdsStore.swift */,
				FF76751A2D4804680076B50E /* ContentView.swift */,
				FF7675262D4819490076B50E /* ContentViewModel.swift */,
				E85DB6D9302B4F04005AFE17 /* Views */,
				FF7326D82F20112C00F0087A /* Resources */,
				FFA93FC02D4D306E009507DD /* Delegates */,
				FF76752D2D4966B00076B50E /* BannerView.swift */,
				FF7326DD2F21054B00F0087A /* NativeView.swift */,
				FF76752F2D4972760076B50E /* Utils.swift */,
				E136FE69D3644031BF7852E7 /* Styleguide */,
				CA13BD7985DD4E3E893EA062 /* Utils */,
				FF76751C2D48046A0076B50E /* Assets.xcassets */,
				FF76751E2D48046A0076B50E /* Preview Content */,
				FF679CA52D5263960036D2F0 /* Launch Screen.storyboard */,
			);
			path = "demo-app";
			sourceTree = "<group>";
		};
		FF76751E2D48046A0076B50E /* Preview Content */ = {
			isa = PBXGroup;
			children = (
				FF76751F2D48046A0076B50E /* Preview Assets.xcassets */,
			);
			path = "Preview Content";
			sourceTree = "<group>";
		};
		FFA93FC02D4D306E009507DD /* Delegates */ = {
			isa = PBXGroup;
			children = (
				FFA93FBA2D4D3004009507DD /* BannerAdsDelegateDemo.swift */,
				FF7326DB2F2102A200F0087A /* NativeAdsDelegateDemo.swift */,
				FFA93FBC2D4D3039009507DD /* InterstitialAdsDelegateDemo.swift */,
				FE9575272E410FDA003940D9 /* AppOpenAdsDelegateDemo.swift */,
				FFA93FBE2D4D3053009507DD /* RewardedAdsDelegateDemo.swift */,
			);
			path = Delegates;
			sourceTree = "<group>";
		};
/* End PBXGroup section */

/* Begin PBXNativeTarget section */
		FF7675142D4804680076B50E /* demo-app */ = {
			isa = PBXNativeTarget;
			buildConfigurationList = FF7675232D48046A0076B50E /* Build configuration list for PBXNativeTarget "demo-app" */;
			buildPhases = (
				9972E4EBFBEC630281212991 /* [CP] Check Pods Manifest.lock */,
				FF7675112D4804680076B50E /* Sources */,
				FF7675122D4804680076B50E /* Frameworks */,
				FF7675132D4804680076B50E /* Resources */,
				B300D809E06311DF49FFFD43 /* [CP] Copy Pods Resources */,
				BEC96B91604E6DEF745C9F82 /* [CP] Embed Pods Frameworks */,
			);
			buildRules = (
			);
			dependencies = (
			);
			name = "demo-app";
			productName = "demo-app";
			productReference = FF7675152D4804680076B50E /* demo-app.app */;
			productType = "com.apple.product-type.application";
		};
/* End PBXNativeTarget section */

/* Begin PBXProject section */
		FF76750D2D4804670076B50E /* Project object */ = {
			isa = PBXProject;
			attributes = {
				BuildIndependentTargetsInParallel = 1;
				LastSwiftUpdateCheck = 1540;
				LastUpgradeCheck = 1540;
				TargetAttributes = {
					FF7675142D4804680076B50E = {
						CreatedOnToolsVersion = 15.4;
					};
				};
			};
			buildConfigurationList = FF7675102D4804670076B50E /* Build configuration list for PBXProject "demo-app" */;
			compatibilityVersion = "Xcode 14.0";
			developmentRegion = en;
			hasScannedForEncodings = 0;
			knownRegions = (
				en,
				Base,
			);
			mainGroup = FF76750C2D4804670076B50E;
			productRefGroup = FF7675162D4804680076B50E /* Products */;
			projectDirPath = "";
			projectRoot = "";
			targets = (
				FF7675142D4804680076B50E /* demo-app */,
			);
		};
/* End PBXProject section */

/* Begin PBXResourcesBuildPhase section */
		FF7675132D4804680076B50E /* Resources */ = {
			isa = PBXResourcesBuildPhase;
			buildActionMask = 2147483647;
			files = (
				FF7326D72F20112400F0087A /* X3MStandardNativeAdView.xib in Resources */,
				FF7326E22F2153AF00F0087A /* X3MCompactNativeAdView.xib in Resources */,
				FF679CA62D5263960036D2F0 /* Launch Screen.storyboard in Resources */,
				FF7675202D48046A0076B50E /* Preview Assets.xcassets in Resources */,
				FF76751D2D48046A0076B50E /* Assets.xcassets in Resources */,
			);
			runOnlyForDeploymentPostprocessing = 0;
		};
/* End PBXResourcesBuildPhase section */

/* Begin PBXShellScriptBuildPhase section */
		9972E4EBFBEC630281212991 /* [CP] Check Pods Manifest.lock */ = {
			isa = PBXShellScriptBuildPhase;
			buildActionMask = 2147483647;
			files = (
			);
			inputFileListPaths = (
			);
			inputPaths = (
				"${PODS_PODFILE_DIR_PATH}/Podfile.lock",
				"${PODS_ROOT}/Manifest.lock",
			);
			name = "[CP] Check Pods Manifest.lock";
			outputFileListPaths = (
			);
			outputPaths = (
				"$(DERIVED_FILE_DIR)/Pods-demo-app-checkManifestLockResult.txt",
			);
			runOnlyForDeploymentPostprocessing = 0;
			shellPath = /bin/sh;
			shellScript = "diff \"${PODS_PODFILE_DIR_PATH}/Podfile.lock\" \"${PODS_ROOT}/Manifest.lock\" > /dev/null\nif [ $? != 0 ] ; then\n    # print error to STDERR\n    echo \"error: The sandbox is not in sync with the Podfile.lock. Run 'pod install' or update your CocoaPods installation.\" >&2\n    exit 1\nfi\n# This output is used by Xcode 'outputs' to avoid re-running this script phase.\necho \"SUCCESS\" > \"${SCRIPT_OUTPUT_FILE_0}\"\n";
			showEnvVarsInLog = 0;
		};
		B300D809E06311DF49FFFD43 /* [CP] Copy Pods Resources */ = {
			isa = PBXShellScriptBuildPhase;
			buildActionMask = 2147483647;
			files = (
			);
			inputFileListPaths = (
				"${PODS_ROOT}/Target Support Files/Pods-demo-app/Pods-demo-app-resources-${CONFIGURATION}-input-files.xcfilelist",
			);
			inputPaths = (
			);
			name = "[CP] Copy Pods Resources";
			outputFileListPaths = (
				"${PODS_ROOT}/Target Support Files/Pods-demo-app/Pods-demo-app-resources-${CONFIGURATION}-output-files.xcfilelist",
			);
			outputPaths = (
			);
			runOnlyForDeploymentPostprocessing = 0;
			shellPath = /bin/sh;
			shellScript = "\"${PODS_ROOT}/Target Support Files/Pods-demo-app/Pods-demo-app-resources.sh\"\n";
			showEnvVarsInLog = 0;
		};
		BEC96B91604E6DEF745C9F82 /* [CP] Embed Pods Frameworks */ = {
			isa = PBXShellScriptBuildPhase;
			buildActionMask = 2147483647;
			files = (
			);
			inputFileListPaths = (
				"${PODS_ROOT}/Target Support Files/Pods-demo-app/Pods-demo-app-frameworks-${CONFIGURATION}-input-files.xcfilelist",
			);
			inputPaths = (
			);
			name = "[CP] Embed Pods Frameworks";
			outputFileListPaths = (
				"${PODS_ROOT}/Target Support Files/Pods-demo-app/Pods-demo-app-frameworks-${CONFIGURATION}-output-files.xcfilelist",
			);
			outputPaths = (
			);
			runOnlyForDeploymentPostprocessing = 0;
			shellPath = /bin/sh;
			shellScript = "\"${PODS_ROOT}/Target Support Files/Pods-demo-app/Pods-demo-app-frameworks.sh\"\n";
			showEnvVarsInLog = 0;
		};
/* End PBXShellScriptBuildPhase section */

/* Begin PBXSourcesBuildPhase section */
		FF7675112D4804680076B50E /* Sources */ = {
			isa = PBXSourcesBuildPhase;
			buildActionMask = 2147483647;
			files = (
				FF7326DE2F21054B00F0087A /* NativeView.swift in Sources */,
				E85DB6E4302B9B0D005AFE17 /* NavBarStyle.swift in Sources */,
				FF7675302D4972760076B50E /* Utils.swift in Sources */,
				FF7326DC2F2102A200F0087A /* NativeAdsDelegateDemo.swift in Sources */,
				FF76752E2D4966B00076B50E /* BannerView.swift in Sources */,
				FFA93FBD2D4D3039009507DD /* InterstitialAdsDelegateDemo.swift in Sources */,
				FF76751B2D4804680076B50E /* ContentView.swift in Sources */,
				FF7675192D4804680076B50E /* DemoApp.swift in Sources */,
				FFA93FBF2D4D3053009507DD /* RewardedAdsDelegateDemo.swift in Sources */,
				FE9575282E410FEA003940D9 /* AppOpenAdsDelegateDemo.swift in Sources */,
				FE86C9CF2E97E39A008A3E86 /* XMediatorHelper.swift in Sources */,
				FF68C1C62D50F1020060F9E5 /* Settings.swift in Sources */,
				FFA93FBB2D4D3004009507DD /* BannerAdsDelegateDemo.swift in Sources */,
				FF7675272D4819490076B50E /* ContentViewModel.swift in Sources */,
				E85DB6DF302B7E1E005AFE17 /* BannerCard.swift in Sources */,
				5217FE000EB148E49B307CD2 /* NativeCard.swift in Sources */,
				42C0882F75574BE3B5469107 /* AppOpenCard.swift in Sources */,
				FB59A5FC81DB4D5581EE1D15 /* InterstitialCard.swift in Sources */,
				A49E199689A4448EBA02FBA9 /* RewardedCard.swift in Sources */,
				079ED467338D47E28128315D /* PrivacyAndConsentView.swift in Sources */,
				F43AE7D4E52A482BAB8821C9 /* UserPropertiesView.swift in Sources */,
				8FDE9FA9298A41EBB56BB56D /* EventTrackerView.swift in Sources */,
				F471988001744A058183C162 /* Colors.swift in Sources */,
				E85DB6E2302B8BB9005AFE17 /* NotSetUpAdTypeCard.swift in Sources */,
				3C500B792E5E402F85309D26 /* Theme.swift in Sources */,
				E9F4777379934E998BB93FB4 /* ConditionalModifiers.swift in Sources */,
				145969A6C5044AF796B23A02 /* EdgeInsets.swift in Sources */,
				1C88A56792144864B345AC31 /* Titles.swift in Sources */,
				4809FCD4C8764CEC814A7069 /* Card.swift in Sources */,
				F527C27F824C43648C3C990C /* SimpleCard.swift in Sources */,
				867D489409E1453FB49FB786 /* LinkableCard.swift in Sources */,
				6AD6BDADF64E430D880E3D7C /* SegmentedControl.swift in Sources */,
				AD4F7D4FFB204B2CAC5CE51C /* AdsStore.swift in Sources */,
				35962111BA9E4CCE84F6BFF3 /* AdTypesView.swift in Sources */,
				465789EF3FEA4BA390A1A3E8 /* PrimaryButton.swift in Sources */,
				E85DB6DB302B4F3A005AFE17 /* SettingsView.swift in Sources */,
				8E5DEAC01B6849128DCC9931 /* SecondaryButton.swift in Sources */,
				E85DB6DD302B4F9C005AFE17 /* TertiaryButton.swift in Sources */,
			);
			runOnlyForDeploymentPostprocessing = 0;
		};
/* End PBXSourcesBuildPhase section */

/* Begin XCBuildConfiguration section */
		FF7675212D48046A0076B50E /* Debug */ = {
			isa = XCBuildConfiguration;
			buildSettings = {
				ALWAYS_SEARCH_USER_PATHS = NO;
				ASSETCATALOG_COMPILER_GENERATE_SWIFT_ASSET_SYMBOL_EXTENSIONS = YES;
				CLANG_ANALYZER_NONNULL = YES;
				CLANG_ANALYZER_NUMBER_OBJECT_CONVERSION = YES_AGGRESSIVE;
				CLANG_CXX_LANGUAGE_STANDARD = "gnu++20";
				CLANG_ENABLE_MODULES = YES;
				CLANG_ENABLE_OBJC_ARC = YES;
				CLANG_ENABLE_OBJC_WEAK = YES;
				CLANG_WARN_BLOCK_CAPTURE_AUTORELEASING = YES;
				CLANG_WARN_BOOL_CONVERSION = YES;
				CLANG_WARN_COMMA = YES;
				CLANG_WARN_CONSTANT_CONVERSION = YES;
				CLANG_WARN_DEPRECATED_OBJC_IMPLEMENTATIONS = YES;
				CLANG_WARN_DIRECT_OBJC_ISA_USAGE = YES_ERROR;
				CLANG_WARN_DOCUMENTATION_COMMENTS = YES;
				CLANG_WARN_EMPTY_BODY = YES;
				CLANG_WARN_ENUM_CONVERSION = YES;
				CLANG_WARN_INFINITE_RECURSION = YES;
				CLANG_WARN_INT_CONVERSION = YES;
				CLANG_WARN_NON_LITERAL_NULL_CONVERSION = YES;
				CLANG_WARN_OBJC_IMPLICIT_RETAIN_SELF = YES;
				CLANG_WARN_OBJC_LITERAL_CONVERSION = YES;
				CLANG_WARN_OBJC_ROOT_CLASS = YES_ERROR;
				CLANG_WARN_QUOTED_INCLUDE_IN_FRAMEWORK_HEADER = YES;
				CLANG_WARN_RANGE_LOOP_ANALYSIS = YES;
				CLANG_WARN_STRICT_PROTOTYPES = YES;
				CLANG_WARN_SUSPICIOUS_MOVE = YES;
				CLANG_WARN_UNGUARDED_AVAILABILITY = YES_AGGRESSIVE;
				CLANG_WARN_UNREACHABLE_CODE = YES;
				CLANG_WARN__DUPLICATE_METHOD_MATCH = YES;
				COPY_PHASE_STRIP = NO;
				DEBUG_INFORMATION_FORMAT = dwarf;
				ENABLE_STRICT_OBJC_MSGSEND = YES;
				ENABLE_TESTABILITY = YES;
				ENABLE_USER_SCRIPT_SANDBOXING = YES;
				GCC_C_LANGUAGE_STANDARD = gnu17;
				GCC_DYNAMIC_NO_PIC = NO;
				GCC_NO_COMMON_BLOCKS = YES;
				GCC_OPTIMIZATION_LEVEL = 0;
				GCC_PREPROCESSOR_DEFINITIONS = (
					"DEBUG=1",
					"$(inherited)",
				);
				GCC_WARN_64_TO_32_BIT_CONVERSION = YES;
				GCC_WARN_ABOUT_RETURN_TYPE = YES_ERROR;
				GCC_WARN_UNDECLARED_SELECTOR = YES;
				GCC_WARN_UNINITIALIZED_AUTOS = YES_AGGRESSIVE;
				GCC_WARN_UNUSED_FUNCTION = YES;
				GCC_WARN_UNUSED_VARIABLE = YES;
				IPHONEOS_DEPLOYMENT_TARGET = 16.6;
				LOCALIZATION_PREFERS_STRING_CATALOGS = YES;
				MTL_ENABLE_DEBUG_INFO = INCLUDE_SOURCE;
				MTL_FAST_MATH = YES;
				ONLY_ACTIVE_ARCH = YES;
				SDKROOT = iphoneos;
				SWIFT_ACTIVE_COMPILATION_CONDITIONS = "DEBUG $(inherited)";
				SWIFT_OPTIMIZATION_LEVEL = "-Onone";
			};
			name = Debug;
		};
		FF7675222D48046A0076B50E /* Release */ = {
			isa = XCBuildConfiguration;
			buildSettings = {
				ALWAYS_SEARCH_USER_PATHS = NO;
				ASSETCATALOG_COMPILER_GENERATE_SWIFT_ASSET_SYMBOL_EXTENSIONS = YES;
				CLANG_ANALYZER_NONNULL = YES;
				CLANG_ANALYZER_NUMBER_OBJECT_CONVERSION = YES_AGGRESSIVE;
				CLANG_CXX_LANGUAGE_STANDARD = "gnu++20";
				CLANG_ENABLE_MODULES = YES;
				CLANG_ENABLE_OBJC_ARC = YES;
				CLANG_ENABLE_OBJC_WEAK = YES;
				CLANG_WARN_BLOCK_CAPTURE_AUTORELEASING = YES;
				CLANG_WARN_BOOL_CONVERSION = YES;
				CLANG_WARN_COMMA = YES;
				CLANG_WARN_CONSTANT_CONVERSION = YES;
				CLANG_WARN_DEPRECATED_OBJC_IMPLEMENTATIONS = YES;
				CLANG_WARN_DIRECT_OBJC_ISA_USAGE = YES_ERROR;
				CLANG_WARN_DOCUMENTATION_COMMENTS = YES;
				CLANG_WARN_EMPTY_BODY = YES;
				CLANG_WARN_ENUM_CONVERSION = YES;
				CLANG_WARN_INFINITE_RECURSION = YES;
				CLANG_WARN_INT_CONVERSION = YES;
				CLANG_WARN_NON_LITERAL_NULL_CONVERSION = YES;
				CLANG_WARN_OBJC_IMPLICIT_RETAIN_SELF = YES;
				CLANG_WARN_OBJC_LITERAL_CONVERSION = YES;
				CLANG_WARN_OBJC_ROOT_CLASS = YES_ERROR;
				CLANG_WARN_QUOTED_INCLUDE_IN_FRAMEWORK_HEADER = YES;
				CLANG_WARN_RANGE_LOOP_ANALYSIS = YES;
				CLANG_WARN_STRICT_PROTOTYPES = YES;
				CLANG_WARN_SUSPICIOUS_MOVE = YES;
				CLANG_WARN_UNGUARDED_AVAILABILITY = YES_AGGRESSIVE;
				CLANG_WARN_UNREACHABLE_CODE = YES;
				CLANG_WARN__DUPLICATE_METHOD_MATCH = YES;
				COPY_PHASE_STRIP = NO;
				DEBUG_INFORMATION_FORMAT = "dwarf-with-dsym";
				ENABLE_NS_ASSERTIONS = NO;
				ENABLE_STRICT_OBJC_MSGSEND = YES;
				ENABLE_USER_SCRIPT_SANDBOXING = YES;
				GCC_C_LANGUAGE_STANDARD = gnu17;
				GCC_NO_COMMON_BLOCKS = YES;
				GCC_WARN_64_TO_32_BIT_CONVERSION = YES;
				GCC_WARN_ABOUT_RETURN_TYPE = YES_ERROR;
				GCC_WARN_UNDECLARED_SELECTOR = YES;
				GCC_WARN_UNINITIALIZED_AUTOS = YES_AGGRESSIVE;
				GCC_WARN_UNUSED_FUNCTION = YES;
				GCC_WARN_UNUSED_VARIABLE = YES;
				IPHONEOS_DEPLOYMENT_TARGET = 16.6;
				LOCALIZATION_PREFERS_STRING_CATALOGS = YES;
				MTL_ENABLE_DEBUG_INFO = NO;
				MTL_FAST_MATH = YES;
				SDKROOT = iphoneos;
				SWIFT_COMPILATION_MODE = wholemodule;
				VALIDATE_PRODUCT = YES;
			};
			name = Release;
		};
		FF7675242D48046A0076B50E /* Debug */ = {
			isa = XCBuildConfiguration;
			baseConfigurationReference = 182926B9E98D5D9237D9FC2D /* Pods-demo-app.debug.xcconfig */;
			buildSettings = {
				ASSETCATALOG_COMPILER_APPICON_NAME = AppIcon;
				ASSETCATALOG_COMPILER_GLOBAL_ACCENT_COLOR_NAME = AccentColor;
				CODE_SIGN_STYLE = Manual;
				CURRENT_PROJECT_VERSION = 1;
				DEVELOPMENT_ASSET_PATHS = "\"demo-app/Preview Content\"";
				DEVELOPMENT_TEAM = "";
				ENABLE_PREVIEWS = YES;
				ENABLE_USER_SCRIPT_SANDBOXING = NO;
				GENERATE_INFOPLIST_FILE = YES;
				INFOPLIST_FILE = "demo-app/Info.plist";
				INFOPLIST_KEY_CFBundleDisplayName = Loomit;
				INFOPLIST_KEY_NSUserTrackingUsageDescription = "This identifier will be used to deliver personalized ads to you.";
				INFOPLIST_KEY_UIApplicationSceneManifest_Generation = YES;
				INFOPLIST_KEY_UIApplicationSupportsIndirectInputEvents = YES;
				INFOPLIST_KEY_UILaunchScreen_Generation = YES;
				INFOPLIST_KEY_UILaunchStoryboardName = "Launch Screen.storyboard";
				INFOPLIST_KEY_UISupportedInterfaceOrientations = UIInterfaceOrientationPortrait;
				IPHONEOS_DEPLOYMENT_TARGET = 16.6;
				LD_RUNPATH_SEARCH_PATHS = (
					"$(inherited)",
					"@executable_path/Frameworks",
				);
				MARKETING_VERSION = 1.0;
				PRODUCT_BUNDLE_IDENTIFIER = "com.x3mads.demo-app";
				PRODUCT_NAME = "$(TARGET_NAME)";
				PROVISIONING_PROFILE_SPECIFIER = "";
				SWIFT_EMIT_LOC_STRINGS = YES;
				SWIFT_VERSION = 5.0;
				TARGETED_DEVICE_FAMILY = "1,2";
			};
			name = Debug;
		};
		FF7675252D48046A0076B50E /* Release */ = {
			isa = XCBuildConfiguration;
			baseConfigurationReference = F88C5237B06E7AE0B983E05F /* Pods-demo-app.release.xcconfig */;
			buildSettings = {
				ASSETCATALOG_COMPILER_APPICON_NAME = AppIcon;
				ASSETCATALOG_COMPILER_GLOBAL_ACCENT_COLOR_NAME = AccentColor;
				CODE_SIGN_STYLE = Manual;
				CURRENT_PROJECT_VERSION = 1;
				DEVELOPMENT_ASSET_PATHS = "\"demo-app/Preview Content\"";
				DEVELOPMENT_TEAM = "";
				ENABLE_PREVIEWS = YES;
				ENABLE_USER_SCRIPT_SANDBOXING = NO;
				GENERATE_INFOPLIST_FILE = YES;
				INFOPLIST_FILE = "demo-app/Info.plist";
				INFOPLIST_KEY_CFBundleDisplayName = Loomit;
				INFOPLIST_KEY_NSUserTrackingUsageDescription = "This identifier will be used to deliver personalized ads to you.";
				INFOPLIST_KEY_UIApplicationSceneManifest_Generation = YES;
				INFOPLIST_KEY_UIApplicationSupportsIndirectInputEvents = YES;
				INFOPLIST_KEY_UILaunchScreen_Generation = YES;
				INFOPLIST_KEY_UILaunchStoryboardName = "Launch Screen.storyboard";
				INFOPLIST_KEY_UISupportedInterfaceOrientations = UIInterfaceOrientationPortrait;
				IPHONEOS_DEPLOYMENT_TARGET = 16.6;
				LD_RUNPATH_SEARCH_PATHS = (
					"$(inherited)",
					"@executable_path/Frameworks",
				);
				MARKETING_VERSION = 1.0;
				PRODUCT_BUNDLE_IDENTIFIER = "com.x3mads.demo-app";
				PRODUCT_NAME = "$(TARGET_NAME)";
				PROVISIONING_PROFILE_SPECIFIER = "";
				SWIFT_EMIT_LOC_STRINGS = YES;
				SWIFT_VERSION = 5.0;
				TARGETED_DEVICE_FAMILY = "1,2";
			};
			name = Release;
		};
/* End XCBuildConfiguration section */

/* Begin XCConfigurationList section */
		FF7675102D4804670076B50E /* Build configuration list for PBXProject "demo-app" */ = {
			isa = XCConfigurationList;
			buildConfigurations = (
				FF7675212D48046A0076B50E /* Debug */,
				FF7675222D48046A0076B50E /* Release */,
			);
			defaultConfigurationIsVisible = 0;
			defaultConfigurationName = Release;
		};
		FF7675232D48046A0076B50E /* Build configuration list for PBXNativeTarget "demo-app" */ = {
			isa = XCConfigurationList;
			buildConfigurations = (
				FF7675242D48046A0076B50E /* Debug */,
				FF7675252D48046A0076B50E /* Release */,
			);
			defaultConfigurationIsVisible = 0;
			defaultConfigurationName = Release;
		};
/* End XCConfigurationList section */
	};
	rootObject = FF76750D2D4804670076B50E /* Project object */;
}
